// !$*UTF8*$!
{
	archiveVersion = 1;
	classes = {
	};
	objectVersion = 56;
	objects = {

/* Begin PBXBuildFile section */
		C49BA0B329A7656D00BC62E0 /* AppDelegate.swift in Sources */ = {isa = PBXBuildFile; fileRef = C49BA0B229A7656D00BC62E0 /* AppDelegate.swift */; };
		C49BA0B529A7656D00BC62E0 /* SceneDelegate.swift in Sources */ = {isa = PBXBuildFile; fileRef = C49BA0B429A7656D00BC62E0 /* SceneDelegate.swift */; };
		C49BA0B729A7656D00BC62E0 /* ViewController.swift in Sources */ = {isa = PBXBuildFile; fileRef = C49BA0B629A7656D00BC62E0 /* ViewController.swift */; };
		C49BA0BA29A7656D00BC62E0 /* Main.storyboard in Resources */ = {isa = PBXBuildFile; fileRef = C49BA0B829A7656D00BC62E0 /* Main.storyboard */; };
		C49BA0BF29A7656E00BC62E0 /* Assets.xcassets in Resources */ = {isa = PBXBuildFile; fileRef = C49BA0BE29A7656E00BC62E0 /* Assets.xcassets */; };
		C49BA0C229A7656E00BC62E0 /* LaunchScreen.storyboard in Resources */ = {isa = PBXBuildFile; fileRef = C49BA0C029A7656E00BC62E0 /* LaunchScreen.storyboard */; };
		C49BA0CA29A7664C00BC62E0 /* QuizPageVC.swift in Sources */ = {isa = PBXBuildFile; fileRef = C49BA0C929A7664C00BC62E0 /* QuizPageVC.swift */; };
		C49BA0CC29A7665900BC62E0 /* ResultPageVC.swift in Sources */ = {isa = PBXBuildFile; fileRef = C49BA0CB29A7665900BC62E0 /* ResultPageVC.swift */; };
		C49BA0CF29A76DD000BC62E0 /* libsqlite3.tbd in Frameworks */ = {isa = PBXBuildFile; fileRef = C49BA0CE29A76DC500BC62E0 /* libsqlite3.tbd */; };
		C49BA0DC29A76E4B00BC62E0 /* FMDatabase.m in Sources */ = {isa = PBXBuildFile; fileRef = C49BA0D329A76E4B00BC62E0 /* FMDatabase.m */; };
		C49BA0DD29A76E4B00BC62E0 /* FMDatabaseQueue.m in Sources */ = {isa = PBXBuildFile; fileRef = C49BA0D429A76E4B00BC62E0 /* FMDatabaseQueue.m */; };
		C49BA0DE29A76E4B00BC62E0 /* FMDatabaseAdditions.m in Sources */ = {isa = PBXBuildFile; fileRef = C49BA0D829A76E4B00BC62E0 /* FMDatabaseAdditions.m */; };
		C49BA0DF29A76E4B00BC62E0 /* FMDatabasePool.m in Sources */ = {isa = PBXBuildFile; fileRef = C49BA0D929A76E4B00BC62E0 /* FMDatabasePool.m */; };
		C49BA0E029A76E4B00BC62E0 /* FMResultSet.m in Sources */ = {isa = PBXBuildFile; fileRef = C49BA0DB29A76E4B00BC62E0 /* FMResultSet.m */; };
		C49BA0E429A770A200BC62E0 /* flagquiz.sqlite in Resources */ = {isa = PBXBuildFile; fileRef = C49BA0E329A770A200BC62E0 /* flagquiz.sqlite */; };
		C49BA0E629A770D900BC62E0 /* Flags.swift in Sources */ = {isa = PBXBuildFile; fileRef = C49BA0E529A770D900BC62E0 /* Flags.swift */; };
		C49BA0E829A7715A00BC62E0 /* Flagsdao.swift in Sources */ = {isa = PBXBuildFile; fileRef = C49BA0E729A7715A00BC62E0 /* Flagsdao.swift */; };
		C49BA0EA29A789D000BC62E0 /* Timeout.swift in Sources */ = {isa = PBXBuildFile; fileRef = C49BA0E929A789D000BC62E0 /* Timeout.swift */; };
/* End PBXBuildFile section */

/* Begin PBXFileReference section */
		C49BA0AF29A7656D00BC62E0 /* Flag Game.app */ = {isa = PBXFileReference; explicitFileType = wrapper.application; includeInIndex = 0; path = "Flag Game.app"; sourceTree = BUILT_PRODUCTS_DIR; };
		C49BA0B229A7656D00BC62E0 /* AppDelegate.swift */ = {isa = PBXFileReference; lastKnownFileType = sourcecode.swift; path = AppDelegate.swift; sourceTree = "<group>"; };
		C49BA0B429A7656D00BC62E0 /* SceneDelegate.swift */ = {isa = PBXFileReference; lastKnownFileType = sourcecode.swift; path = SceneDelegate.swift; sourceTree = "<group>"; };
		C49BA0B629A7656D00BC62E0 /* ViewController.swift */ = {isa = PBXFileReference; lastKnownFileType = sourcecode.swift; path = ViewController.swift; sourceTree = "<group>"; };
		C49BA0B929A7656D00BC62E0 /* Base */ = {isa = PBXFileReference; lastKnownFileType = file.storyboard; name = Base; path = Base.lproj/Main.storyboard; sourceTree = "<group>"; };
		C49BA0BE29A7656E00BC62E0 /* Assets.xcassets */ = {isa = PBXFileReference; lastKnownFileType = folder.assetcatalog; path = Assets.xcassets; sourceTree = "<group>"; };
		C49BA0C129A7656E00BC62E0 /* Base */ = {isa = PBXFileReference; lastKnownFileType = file.storyboard; name = Base; path = Base.lproj/LaunchScreen.storyboard; sourceTree = "<group>"; };
		C49BA0C329A7656E00BC62E0 /* Info.plist */ = {isa = PBXFileReference; lastKnownFileType = text.plist.xml; path = Info.plist; sourceTree = "<group>"; };
		C49BA0C929A7664C00BC62E0 /* QuizPageVC.swift */ = {isa = PBXFileReference; lastKnownFileType = sourcecode.swift; path = QuizPageVC.swift; sourceTree = "<group>"; };
		C49BA0CB29A7665900BC62E0 /* ResultPageVC.swift */ = {isa = PBXFileReference; lastKnownFileType = sourcecode.swift; path = ResultPageVC.swift; sourceTree = "<group>"; };
		C49BA0CE29A76DC500BC62E0 /* libsqlite3.tbd */ = {isa = PBXFileReference; lastKnownFileType = "sourcecode.text-based-dylib-definition"; name = libsqlite3.tbd; path = usr/lib/libsqlite3.tbd; sourceTree = SDKROOT; };
		C49BA0D029A76E4B00BC62E0 /* Flag Game-Bridging-Header.h */ = {isa = PBXFileReference; lastKnownFileType = sourcecode.c.h; path = "Flag Game-Bridging-Header.h"; sourceTree = "<group>"; };
		C49BA0D129A76E4B00BC62E0 /* FMDatabase.h */ = {isa = PBXFileReference; fileEncoding = 4; lastKnownFileType = sourcecode.c.h; path = FMDatabase.h; sourceTree = "<group>"; };
		C49BA0D229A76E4B00BC62E0 /* FMDatabaseQueue.h */ = {isa = PBXFileReference; fileEncoding = 4; lastKnownFileType = sourcecode.c.h; path = FMDatabaseQueue.h; sourceTree = "<group>"; };
		C49BA0D329A76E4B00BC62E0 /* FMDatabase.m */ = {isa = PBXFileReference; fileEncoding = 4; lastKnownFileType = sourcecode.c.objc; path = FMDatabase.m; sourceTree = "<group>"; };
		C49BA0D429A76E4B00BC62E0 /* FMDatabaseQueue.m */ = {isa = PBXFileReference; fileEncoding = 4; lastKnownFileType = sourcecode.c.objc; path = FMDatabaseQueue.m; sourceTree = "<group>"; };
		C49BA0D529A76E4B00BC62E0 /* FMDatabaseAdditions.h */ = {isa = PBXFileReference; fileEncoding = 4; lastKnownFileType = sourcecode.c.h; path = FMDatabaseAdditions.h; sourceTree = "<group>"; };
		C49BA0D629A76E4B00BC62E0 /* FMDatabasePool.h */ = {isa = PBXFileReference; fileEncoding = 4; lastKnownFileType = sourcecode.c.h; path = FMDatabasePool.h; sourceTree = "<group>"; };
		C49BA0D729A76E4B00BC62E0 /* FMDB.h */ = {isa = PBXFileReference; fileEncoding = 4; lastKnownFileType = sourcecode.c.h; path = FMDB.h; sourceTree = "<group>"; };
		C49BA0D829A76E4B00BC62E0 /* FMDatabaseAdditions.m */ = {isa = PBXFileReference; fileEncoding = 4; lastKnownFileType = sourcecode.c.objc; path = FMDatabaseAdditions.m; sourceTree = "<group>"; };
		C49BA0D929A76E4B00BC62E0 /* FMDatabasePool.m */ = {isa = PBXFileReference; fileEncoding = 4; lastKnownFileType = sourcecode.c.objc; path = FMDatabasePool.m; sourceTree = "<group>"; };
		C49BA0DA29A76E4B00BC62E0 /* FMResultSet.h */ = {isa = PBXFileReference; fileEncoding = 4; lastKnownFileType = sourcecode.c.h; path = FMResultSet.h; sourceTree = "<group>"; };
		C49BA0DB29A76E4B00BC62E0 /* FMResultSet.m */ = {isa = PBXFileReference; fileEncoding = 4; lastKnownFileType = sourcecode.c.objc; path = FMResultSet.m; sourceTree = "<group>"; };
		C49BA0E329A770A200BC62E0 /* flagquiz.sqlite */ = {isa = PBXFileReference; lastKnownFileType = file; path = flagquiz.sqlite; sourceTree = "<group>"; };
		C49BA0E529A770D900BC62E0 /* Flags.swift */ = {isa = PBXFileReference; lastKnownFileType = sourcecode.swift; path = Flags.swift; sourceTree = "<group>"; };
		C49BA0E729A7715A00BC62E0 /* Flagsdao.swift */ = {isa = PBXFileReference; lastKnownFileType = sourcecode.swift; path = Flagsdao.swift; sourceTree = "<group>"; };
		C49BA0E929A789D000BC62E0 /* Timeout.swift */ = {isa = PBXFileReference; lastKnownFileType = sourcecode.swift; path = Timeout.swift; sourceTree = "<group>"; };
/* End PBXFileReference section */

/* Begin PBXFrameworksBuildPhase section */
		C49BA0AC29A7656D00BC62E0 /* Frameworks */ = {
			isa = PBXFrameworksBuildPhase;
			buildActionMask = 2147483647;
			files = (
				C49BA0CF29A76DD000BC62E0 /* libsqlite3.tbd in Frameworks */,
			);
			runOnlyForDeploymentPostprocessing = 0;
		};
/* End PBXFrameworksBuildPhase section */

/* Begin PBXGroup section */
		C49BA0A629A7656D00BC62E0 = {
			isa = PBXGroup;
			children = (
				C49BA0B129A7656D00BC62E0 /* Flag Game */,
				C49BA0B029A7656D00BC62E0 /* Products */,
				C49BA0CD29A76DC500BC62E0 /* Frameworks */,
			);
			sourceTree = "<group>";
		};
		C49BA0B029A7656D00BC62E0 /* Products */ = {
			isa = PBXGroup;
			children = (
				C49BA0AF29A7656D00BC62E0 /* Flag Game.app */,
			);
			name = Products;
			sourceTree = "<group>";
		};
		C49BA0B129A7656D00BC62E0 /* Flag Game */ = {
			isa = PBXGroup;
			children = (
				C49BA0EF29A7968300BC62E0 /* Database */,
				C49BA0EE29A795A700BC62E0 /* Models */,
				C49BA0ED29A7957200BC62E0 /* Resources */,
				C49BA0EC29A7956300BC62E0 /* Supporting Files */,
				C49BA0EB29A7955800BC62E0 /* Views */,
				C49BA0D029A76E4B00BC62E0 /* Flag Game-Bridging-Header.h */,
			);
			path = "Flag Game";
			sourceTree = "<group>";
		};
		C49BA0CD29A76DC500BC62E0 /* Frameworks */ = {
			isa = PBXGroup;
			children = (
				C49BA0CE29A76DC500BC62E0 /* libsqlite3.tbd */,
			);
			name = Frameworks;
			sourceTree = "<group>";
		};
		C49BA0EB29A7955800BC62E0 /* Views */ = {
			isa = PBXGroup;
			children = (
				C49BA0B629A7656D00BC62E0 /* ViewController.swift */,
				C49BA0C929A7664C00BC62E0 /* QuizPageVC.swift */,
				C49BA0CB29A7665900BC62E0 /* ResultPageVC.swift */,
			);
			path = Views;
			sourceTree = "<group>";
		};
		C49BA0EC29A7956300BC62E0 /* Supporting Files */ = {
			isa = PBXGroup;
			children = (
				C49BA0B229A7656D00BC62E0 /* AppDelegate.swift */,
				C49BA0B429A7656D00BC62E0 /* SceneDelegate.swift */,
				C49BA0B829A7656D00BC62E0 /* Main.storyboard */,
				C49BA0C029A7656E00BC62E0 /* LaunchScreen.storyboard */,
				C49BA0C329A7656E00BC62E0 /* Info.plist */,
			);
			path = "Supporting Files";
			sourceTree = "<group>";
		};
		C49BA0ED29A7957200BC62E0 /* Resources */ = {
			isa = PBXGroup;
			children = (
				C49BA0BE29A7656E00BC62E0 /* Assets.xcassets */,
			);
			path = Resources;
			sourceTree = "<group>";
		};
		C49BA0EE29A795A700BC62E0 /* Models */ = {
			isa = PBXGroup;
			children = (
				C49BA0E529A770D900BC62E0 /* Flags.swift */,
				C49BA0E729A7715A00BC62E0 /* Flagsdao.swift */,
				C49BA0E929A789D000BC62E0 /* Timeout.swift */,
			);
			path = Models;
			sourceTree = "<group>";
		};
		C49BA0EF29A7968300BC62E0 /* Database */ = {
			isa = PBXGroup;
			children = (
				C49BA0E329A770A200BC62E0 /* flagquiz.sqlite */,
				C49BA0D129A76E4B00BC62E0 /* FMDatabase.h */,
				C49BA0D329A76E4B00BC62E0 /* FMDatabase.m */,
				C49BA0D529A76E4B00BC62E0 /* FMDatabaseAdditions.h */,
				C49BA0D829A76E4B00BC62E0 /* FMDatabaseAdditions.m */,
				C49BA0D629A76E4B00BC62E0 /* FMDatabasePool.h */,
				C49BA0D929A76E4B00BC62E0 /* FMDatabasePool.m */,
				C49BA0D229A76E4B00BC62E0 /* FMDatabaseQueue.h */,
				C49BA0D429A76E4B00BC62E0 /* FMDatabaseQueue.m */,
				C49BA0D729A76E4B00BC62E0 /* FMDB.h */,
				C49BA0DA29A76E4B00BC62E0 /* FMResultSet.h */,
				C49BA0DB29A76E4B00BC62E0 /* FMResultSet.m */,
			);
			path = Database;
			sourceTree = "<group>";
		};
/* End PBXGroup section */

/* Begin PBXNativeTarget section */
		C49BA0AE29A7656D00BC62E0 /* Flag Game */ = {
			isa = PBXNativeTarget;
			buildConfigurationList = C49BA0C629A7656E00BC62E0 /* Build configuration list for PBXNativeTarget "Flag Game" */;
			buildPhases = (
				C49BA0AB29A7656D00BC62E0 /* Sources */,
				C49BA0AC29A7656D00BC62E0 /* Frameworks */,
				C49BA0AD29A7656D00BC62E0 /* Resources */,
			);
			buildRules = (
			);
			dependencies = (
			);
			name = "Flag Game";
			productName = "Flag Game";
			productReference = C49BA0AF29A7656D00BC62E0 /* Flag Game.app */;
			productType = "com.apple.product-type.application";
		};
/* End PBXNativeTarget section */

/* Begin PBXProject section */
		C49BA0A729A7656D00BC62E0 /* Project object */ = {
			isa = PBXProject;
			attributes = {
				BuildIndependentTargetsInParallel = 1;
				LastSwiftUpdateCheck = 1420;
				LastUpgradeCheck = 1420;
				TargetAttributes = {
					C49BA0AE29A7656D00BC62E0 = {
						CreatedOnToolsVersion = 14.2;
						LastSwiftMigration = 1420;
					};
				};
			};
			buildConfigurationList = C49BA0AA29A7656D00BC62E0 /* Build configuration list for PBXProject "Flag Game" */;
			compatibilityVersion = "Xcode 14.0";
			developmentRegion = en;
			hasScannedForEncodings = 0;
			knownRegions = (
				en,
				Base,
			);
			mainGroup = C49BA0A629A7656D00BC62E0;
			productRefGroup = C49BA0B029A7656D00BC62E0 /* Products */;
			projectDirPath = "";
			projectRoot = "";
			targets = (
				C49BA0AE29A7656D00BC62E0 /* Flag Game */,
			);
		};
/* End PBXProject section */

/* Begin PBXResourcesBuildPhase section */
		C49BA0AD29A7656D00BC62E0 /* Resources */ = {
			isa = PBXResourcesBuildPhase;
			buildActionMask = 2147483647;
			files = (
				C49BA0C229A7656E00BC62E0 /* LaunchScreen.storyboard in Resources */,
				C49BA0BF29A7656E00BC62E0 /* Assets.xcassets in Resources */,
				C49BA0E429A770A200BC62E0 /* flagquiz.sqlite in Resources */,
				C49BA0BA29A7656D00BC62E0 /* Main.storyboard in Resources */,
			);
			runOnlyForDeploymentPostprocessing = 0;
		};
/* End PBXResourcesBuildPhase section */

/* Begin PBXSourcesBuildPhase section */
		C49BA0AB29A7656D00BC62E0 /* Sources */ = {
			isa = PBXSourcesBuildPhase;
			buildActionMask = 2147483647;
			files = (
				C49BA0B729A7656D00BC62E0 /* ViewController.swift in Sources */,
				C49BA0EA29A789D000BC62E0 /* Timeout.swift in Sources */,
				C49BA0DD29A76E4B00BC62E0 /* FMDatabaseQueue.m in Sources */,
				C49BA0E629A770D900BC62E0 /* Flags.swift in Sources */,
				C49BA0B329A7656D00BC62E0 /* AppDelegate.swift in Sources */,
				C49BA0E829A7715A00BC62E0 /* Flagsdao.swift in Sources */,
				C49BA0DC29A76E4B00BC62E0 /* FMDatabase.m in Sources */,
				C49BA0DE29A76E4B00BC62E0 /* FMDatabaseAdditions.m in Sources */,
				C49BA0B529A7656D00BC62E0 /* SceneDelegate.swift in Sources */,
				C49BA0DF29A76E4B00BC62E0 /* FMDatabasePool.m in Sources */,
				C49BA0E029A76E4B00BC62E0 /* FMResultSet.m in Sources */,
				C49BA0CC29A7665900BC62E0 /* ResultPageVC.swift in Sources */,
				C49BA0CA29A7664C00BC62E0 /* QuizPageVC.swift in Sources */,
			);
			runOnlyForDeploymentPostprocessing = 0;
		};
/* End PBXSourcesBuildPhase section */

/* Begin PBXVariantGroup section */
		C49BA0B829A7656D00BC62E0 /* Main.storyboard */ = {
			isa = PBXVariantGroup;
			children = (
				C49BA0B929A7656D00BC62E0 /* Base */,
			);
			name = Main.storyboard;
			sourceTree = "<group>";
		};
		C49BA0C029A7656E00BC62E0 /* LaunchScreen.storyboard */ = {
			isa = PBXVariantGroup;
			children = (
				C49BA0C129A7656E00BC62E0 /* Base */,
			);
			name = LaunchScreen.storyboard;
			sourceTree = "<group>";
		};
/* End PBXVariantGroup section */

/* Begin XCBuildConfiguration section */
		C49BA0C429A7656E00BC62E0 /* Debug */ = {
			isa = XCBuildConfiguration;
			buildSettings = {
				ALWAYS_SEARCH_USER_PATHS = NO;
				CLANG_ANALYZER_NONNULL = YES;
				CLANG_ANALYZER_NUMBER_OBJECT_CONVERSION = YES_AGGRESSIVE;
				CLANG_CXX_LANGUAGE_STANDARD = "gnu++20";
				CLANG_ENABLE_MODULES = YES;
				CLANG_ENABLE_OBJC_ARC = YES;
				CLANG_ENABLE_OBJC_WEAK = YES;
				CLANG_WARN_BLOCK_CAPTURE_AUTORELEASING = YES;
				CLANG_WARN_BOOL_CONVERSION = YES;
				CLANG_WARN_COMMA = YES;
				CLANG_WARN_CONSTANT_CONVERSION = YES;
				CLANG_WARN_DEPRECATED_OBJC_IMPLEMENTATIONS = YES;
				CLANG_WARN_DIRECT_OBJC_ISA_USAGE = YES_ERROR;
				CLANG_WARN_DOCUMENTATION_COMMENTS = YES;
				CLANG_WARN_EMPTY_BODY = YES;
				CLANG_WARN_ENUM_CONVERSION = YES;
				CLANG_WARN_INFINITE_RECURSION = YES;
				CLANG_WARN_INT_CONVERSION = YES;
				CLANG_WARN_NON_LITERAL_NULL_CONVERSION = YES;
				CLANG_WARN_OBJC_IMPLICIT_RETAIN_SELF = YES;
				CLANG_WARN_OBJC_LITERAL_CONVERSION = YES;
				CLANG_WARN_OBJC_ROOT_CLASS = YES_ERROR;
				CLANG_WARN_QUOTED_INCLUDE_IN_FRAMEWORK_HEADER = YES;
				CLANG_WARN_RANGE_LOOP_ANALYSIS = YES;
				CLANG_WARN_STRICT_PROTOTYPES = YES;
				CLANG_WARN_SUSPICIOUS_MOVE = YES;
				CLANG_WARN_UNGUARDED_AVAILABILITY = YES_AGGRESSIVE;
				CLANG_WARN_UNREACHABLE_CODE = YES;
				CLANG_WARN__DUPLICATE_METHOD_MATCH = YES;
				COPY_PHASE_STRIP = NO;
				DEBUG_INFORMATION_FORMAT = dwarf;
				ENABLE_STRICT_OBJC_MSGSEND = YES;
				ENABLE_TESTABILITY = YES;
				GCC_C_LANGUAGE_STANDARD = gnu11;
				GCC_DYNAMIC_NO_PIC = NO;
				GCC_NO_COMMON_BLOCKS = YES;
				GCC_OPTIMIZATION_LEVEL = 0;
				GCC_PREPROCESSOR_DEFINITIONS = (
					"DEBUG=1",
					"$(inherited)",
				);
				GCC_WARN_64_TO_32_BIT_CONVERSION = YES;
				GCC_WARN_ABOUT_RETURN_TYPE = YES_ERROR;
				GCC_WARN_UNDECLARED_SELECTOR = YES;
				GCC_WARN_UNINITIALIZED_AUTOS = YES_AGGRESSIVE;
				GCC_WARN_UNUSED_FUNCTION = YES;
				GCC_WARN_UNUSED_VARIABLE = YES;
				IPHONEOS_DEPLOYMENT_TARGET = 16.2;
				MTL_ENABLE_DEBUG_INFO = INCLUDE_SOURCE;
				MTL_FAST_MATH = YES;
				ONLY_ACTIVE_ARCH = YES;
				SDKROOT = iphoneos;
				SWIFT_ACTIVE_COMPILATION_CONDITIONS = DEBUG;
				SWIFT_OPTIMIZATION_LEVEL = "-Onone";
			};
			name = Debug;
		};
		C49BA0C529A7656E00BC62E0 /* Release */ = {
			isa = XCBuildConfiguration;
			buildSettings = {
				ALWAYS_SEARCH_USER_PATHS = NO;
				CLANG_ANALYZER_NONNULL = YES;
				CLANG_ANALYZER_NUMBER_OBJECT_CONVERSION = YES_AGGRESSIVE;
				CLANG_CXX_LANGUAGE_STANDARD = "gnu++20";
				CLANG_ENABLE_MODULES = YES;
				CLANG_ENABLE_OBJC_ARC = YES;
				CLANG_ENABLE_OBJC_WEAK = YES;
				CLANG_WARN_BLOCK_CAPTURE_AUTORELEASING = YES;
				CLANG_WARN_BOOL_CONVERSION = YES;
				CLANG_WARN_COMMA = YES;
				CLANG_WARN_CONSTANT_CONVERSION = YES;
				CLANG_WARN_DEPRECATED_OBJC_IMPLEMENTATIONS = YES;
				CLANG_WARN_DIRECT_OBJC_ISA_USAGE = YES_ERROR;
				CLANG_WARN_DOCUMENTATION_COMMENTS = YES;
				CLANG_WARN_EMPTY_BODY = YES;
				CLANG_WARN_ENUM_CONVERSION = YES;
				CLANG_WARN_INFINITE_RECURSION = YES;
				CLANG_WARN_INT_CONVERSION = YES;
				CLANG_WARN_NON_LITERAL_NULL_CONVERSION = YES;
				CLANG_WARN_OBJC_IMPLICIT_RETAIN_SELF = YES;
				CLANG_WARN_OBJC_LITERAL_CONVERSION = YES;
				CLANG_WARN_OBJC_ROOT_CLASS = YES_ERROR;
				CLANG_WARN_QUOTED_INCLUDE_IN_FRAMEWORK_HEADER = YES;
				CLANG_WARN_RANGE_LOOP_ANALYSIS = YES;
				CLANG_WARN_STRICT_PROTOTYPES = YES;
				CLANG_WARN_SUSPICIOUS_MOVE = YES;
				CLANG_WARN_UNGUARDED_AVAILABILITY = YES_AGGRESSIVE;
				CLANG_WARN_UNREACHABLE_CODE = YES;
				CLANG_WARN__DUPLICATE_METHOD_MATCH = YES;
				COPY_PHASE_STRIP = NO;
				DEBUG_INFORMATION_FORMAT = "dwarf-with-dsym";
				ENABLE_NS_ASSERTIONS = NO;
				ENABLE_STRICT_OBJC_MSGSEND = YES;
				GCC_C_LANGUAGE_STANDARD = gnu11;
				GCC_NO_COMMON_BLOCKS = YES;
				GCC_WARN_64_TO_32_BIT_CONVERSION = YES;
				GCC_WARN_ABOUT_RETURN_TYPE = YES_ERROR;
				GCC_WARN_UNDECLARED_SELECTOR = YES;
				GCC_WARN_UNINITIALIZED_AUTOS = YES_AGGRESSIVE;
				GCC_WARN_UNUSED_FUNCTION = YES;
				GCC_WARN_UNUSED_VARIABLE = YES;
				IPHONEOS_DEPLOYMENT_TARGET = 16.2;
				MTL_ENABLE_DEBUG_INFO = NO;
				MTL_FAST_MATH = YES;
				SDKROOT = iphoneos;
				SWIFT_COMPILATION_MODE = wholemodule;
				SWIFT_OPTIMIZATION_LEVEL = "-O";
				VALIDATE_PRODUCT = YES;
			};
			name = Release;
		};
		C49BA0C729A7656E00BC62E0 /* Debug */ = {
			isa = XCBuildConfiguration;
			buildSettings = {
				ASSETCATALOG_COMPILER_APPICON_NAME = AppIcon;
				ASSETCATALOG_COMPILER_GLOBAL_ACCENT_COLOR_NAME = AccentColor;
				CLANG_ENABLE_MODULES = YES;
				CODE_SIGN_STYLE = Automatic;
				CURRENT_PROJECT_VERSION = 1;
				GENERATE_INFOPLIST_FILE = YES;
				INFOPLIST_FILE = "Flag Game/Supporting Files/Info.plist";
				INFOPLIST_KEY_UIApplicationSupportsIndirectInputEvents = YES;
				INFOPLIST_KEY_UILaunchStoryboardName = LaunchScreen;
				INFOPLIST_KEY_UIMainStoryboardFile = Main;
				INFOPLIST_KEY_UISupportedInterfaceOrientations_iPad = "UIInterfaceOrientationPortrait UIInterfaceOrientationPortraitUpsideDown UIInterfaceOrientationLandscapeLeft UIInterfaceOrientationLandscapeRight";
				INFOPLIST_KEY_UISupportedInterfaceOrientations_iPhone = "UIInterfaceOrientationPortrait UIInterfaceOrientationLandscapeLeft UIInterfaceOrientationLandscapeRight";
				LD_RUNPATH_SEARCH_PATHS = (
					"$(inherited)",
					"@executable_path/Frameworks",
				);
				MARKETING_VERSION = 1.0;
				PRODUCT_BUNDLE_IDENTIFIER = "Gara.Flag-Game";
				PRODUCT_NAME = "$(TARGET_NAME)";
				SWIFT_EMIT_LOC_STRINGS = YES;
				SWIFT_OBJC_BRIDGING_HEADER = "Flag Game/Flag Game-Bridging-Header.h";
				SWIFT_OPTIMIZATION_LEVEL = "-Onone";
				SWIFT_VERSION = 5.0;
				TARGETED_DEVICE_FAMILY = "1,2";
			};
			name = Debug;
		};
		C49BA0C829A7656E00BC62E0 /* Release */ = {
			isa = XCBuildConfiguration;
			buildSettings = {
				ASSETCATALOG_COMPILER_APPICON_NAME = AppIcon;
				ASSETCATALOG_COMPILER_GLOBAL_ACCENT_COLOR_NAME = AccentColor;
				CLANG_ENABLE_MODULES = YES;
				CODE_SIGN_STYLE = Automatic;
				CURRENT_PROJECT_VERSION = 1;
				GENERATE_INFOPLIST_FILE = YES;
				INFOPLIST_FILE = "Flag Game/Supporting Files/Info.plist";
				INFOPLIST_KEY_UIApplicationSupportsIndirectInputEvents = YES;
				INFOPLIST_KEY_UILaunchStoryboardName = LaunchScreen;
				INFOPLIST_KEY_UIMainStoryboardFile = Main;
				INFOPLIST_KEY_UISupportedInterfaceOrientations_iPad = "UIInterfaceOrientationPortrait UIInterfaceOrientationPortraitUpsideDown UIInterfaceOrientationLandscapeLeft UIInterfaceOrientationLandscapeRight";
				INFOPLIST_KEY_UISupportedInterfaceOrientations_iPhone = "UIInterfaceOrientationPortrait UIInterfaceOrientationLandscapeLeft UIInterfaceOrientationLandscapeRight";
				LD_RUNPATH_SEARCH_PATHS = (
					"$(inherited)",
					"@executable_path/Frameworks",
				);
				MARKETING_VERSION = 1.0;
				PRODUCT_BUNDLE_IDENTIFIER = "Gara.Flag-Game";
				PRODUCT_NAME = "$(TARGET_NAME)";
				SWIFT_EMIT_LOC_STRINGS = YES;
				SWIFT_OBJC_BRIDGING_HEADER = "Flag Game/Flag Game-Bridging-Header.h";
				SWIFT_VERSION = 5.0;
				TARGETED_DEVICE_FAMILY = "1,2";
			};
			name = Release;
		};
/* End XCBuildConfiguration section */

/* Begin XCConfigurationList section */
		C49BA0AA29A7656D00BC62E0 /* Build configuration list for PBXProject "Flag Game" */ = {
			isa = XCConfigurationList;
			buildConfigurations = (
				C49BA0C429A7656E00BC62E0 /* Debug */,
				C49BA0C529A7656E00BC62E0 /* Release */,
			);
			defaultConfigurationIsVisible = 0;
			defaultConfigurationName = Release;
		};
		C49BA0C629A7656E00BC62E0 /* Build configuration list for PBXNativeTarget "Flag Game" */ = {
			isa = XCConfigurationList;
			buildConfigurations = (
				C49BA0C729A7656E00BC62E0 /* Debug */,
				C49BA0C829A7656E00BC62E0 /* Release */,
			);
			defaultConfigurationIsVisible = 0;
			defaultConfigurationName = Release;
		};
/* End XCConfigurationList section */
	};
	rootObject = C49BA0A729A7656D00BC62E0 /* Project object */;
}
